
Microsoft Visual Studio Solution File, Format Version 12.00
# Visual Studio 2012
Project("{FAE04EC0-301F-11D3-BF4B-00C04F79EFBC}") = "ExtractPX0", "ExtractPX0\ExtractPX0.csproj", "{2509DAC7-6A12-4809-84C9-1D5A6C55B94A}"
EndProject
Global
	GlobalSection(SolutionConfigurationPlatforms) = preSolution
		Debug|Any CPU = Debug|Any CPU
		Debug|x86 = Debug|x86
		Release|Any CPU = Release|Any CPU
		Release|x86 = Release|x86
	EndGlobalSection
	GlobalSection(ProjectConfigurationPlatforms) = postSolution
		{2509DAC7-6A12-4809-84C9-1D5A6C55B94A}.Debug|Any CPU.ActiveCfg = Debug|Any CPU
		{2509DAC7-6A12-4809-84C9-1D5A6C55B94A}.Debug|Any CPU.Build.0 = Debug|Any CPU
		{2509DAC7-6A12-4809-84C9-1D5A6C55B94A}.Debug|x86.ActiveCfg = Debug|x86
		{2509DAC7-6A12-4809-84C9-1D5A6C55B94A}.Debug|x86.Build.0 = Debug|x86
		{2509DAC7-6A12-4809-84C9-1D5A6C55B94A}.Release|Any CPU.ActiveCfg = Release|Any CPU
		{2509DAC7-6A12-4809-84C9-1D5A6C55B94A}.Release|Any CPU.Build.0 = Release|Any CPU
		{2509DAC7-6A12-4809-84C9-1D5A6C55B94A}.Release|x86.ActiveCfg = Release|x86
		{2509DAC7-6A12-4809-84C9-1D5A6C55B94A}.Release|x86.Build.0 = Release|x86
	EndGlobalSection
	GlobalSection(SolutionProperties) = preSolution
		HideSolutionNode = FALSE
	EndGlobalSection
EndGlobal
